// !$*UTF8*$!
{
	archiveVersion = 1;
	classes = {
	};
	objectVersion = 56;
	objects = {

/* Begin PBXBuildFile section */
		4BDAA5762C62303B00819903 /* AppDelegate.swift in Sources */ = {isa = PBXBuildFile; fileRef = 4BDAA5752C62303B00819903 /* AppDelegate.swift */; };
		4BDAA5782C62303B00819903 /* SceneDelegate.swift in Sources */ = {isa = PBXBuildFile; fileRef = 4BDAA5772C62303B00819903 /* SceneDelegate.swift */; };
		4BDAA57A2C62303B00819903 /* ViewController.swift in Sources */ = {isa = PBXBuildFile; fileRef = 4BDAA5792C62303B00819903 /* ViewController.swift */; };
		4BDAA57D2C62303B00819903 /* Base in Resources */ = {isa = PBXBuildFile; fileRef = 4BDAA57C2C62303B00819903 /* Base */; };
		4BDAA57F2C62303F00819903 /* Assets.xcassets in Resources */ = {isa = PBXBuildFile; fileRef = 4BDAA57E2C62303F00819903 /* Assets.xcassets */; };
		4BDAA5822C62303F00819903 /* Base in Resources */ = {isa = PBXBuildFile; fileRef = 4BDAA5812C62303F00819903 /* Base */; };
		4BDAA58D2C62304000819903 /* TrasnlatingApplicationTests.swift in Sources */ = {isa = PBXBuildFile; fileRef = 4BDAA58C2C62304000819903 /* TrasnlatingApplicationTests.swift */; };
		4BDAA5972C62304000819903 /* TrasnlatingApplicationUITests.swift in Sources */ = {isa = PBXBuildFile; fileRef = 4BDAA5962C62304000819903 /* TrasnlatingApplicationUITests.swift */; };
		4BDAA5992C62304000819903 /* TrasnlatingApplicationUITestsLaunchTests.swift in Sources */ = {isa = PBXBuildFile; fileRef = 4BDAA5982C62304000819903 /* TrasnlatingApplicationUITestsLaunchTests.swift */; };
/* End PBXBuildFile section */

/* Begin PBXContainerItemProxy section */
		4BDAA5892C62304000819903 /* PBXContainerItemProxy */ = {
			isa = PBXContainerItemProxy;
			containerPortal = 4BDAA56A2C62303A00819903 /* Project object */;
			proxyType = 1;
			remoteGlobalIDString = 4BDAA5712C62303B00819903;
			remoteInfo = TrasnlatingApplication;
		};
		4BDAA5932C62304000819903 /* PBXContainerItemProxy */ = {
			isa = PBXContainerItemProxy;
			containerPortal = 4BDAA56A2C62303A00819903 /* Project object */;
			proxyType = 1;
			remoteGlobalIDString = 4BDAA5712C62303B00819903;
			remoteInfo = TrasnlatingApplication;
		};
/* End PBXContainerItemProxy section */

/* Begin PBXFileReference section */
		4BDAA5722C62303B00819903 /* TrasnlatingApplication.app */ = {isa = PBXFileReference; explicitFileType = wrapper.application; includeInIndex = 0; path = TrasnlatingApplication.app; sourceTree = BUILT_PRODUCTS_DIR; };
		4BDAA5752C62303B00819903 /* AppDelegate.swift */ = {isa = PBXFileReference; lastKnownFileType = sourcecode.swift; path = AppDelegate.swift; sourceTree = "<group>"; };
		4BDAA5772C62303B00819903 /* SceneDelegate.swift */ = {isa = PBXFileReference; lastKnownFileType = sourcecode.swift; path = SceneDelegate.swift; sourceTree = "<group>"; };
		4BDAA5792C62303B00819903 /* ViewController.swift */ = {isa = PBXFileReference; lastKnownFileType = sourcecode.swift; path = ViewController.swift; sourceTree = "<group>"; };
		4BDAA57C2C62303B00819903 /* Base */ = {isa = PBXFileReference; lastKnownFileType = file.storyboard; name = Base; path = Base.lproj/Main.storyboard; sourceTree = "<group>"; };
		4BDAA57E2C62303F00819903 /* Assets.xcassets */ = {isa = PBXFileReference; lastKnownFileType = folder.assetcatalog; path = Assets.xcassets; sourceTree = "<group>"; };
		4BDAA5812C62303F00819903 /* Base */ = {isa = PBXFileReference; lastKnownFileType = file.storyboard; name = Base; path = Base.lproj/LaunchScreen.storyboard; sourceTree = "<group>"; };
		4BDAA5832C62303F00819903 /* Info.plist */ = {isa = PBXFileReference; lastKnownFileType = text.plist.xml; path = Info.plist; sourceTree = "<group>"; };
		4BDAA5882C62304000819903 /* TrasnlatingApplicationTests.xctest */ = {isa = PBXFileReference; explicitFileType = wrapper.cfbundle; includeInIndex = 0; path = TrasnlatingApplicationTests.xctest; sourceTree = BUILT_PRODUCTS_DIR; };
		4BDAA58C2C62304000819903 /* TrasnlatingApplicationTests.swift */ = {isa = PBXFileReference; lastKnownFileType = sourcecode.swift; path = TrasnlatingApplicationTests.swift; sourceTree = "<group>"; };
		4BDAA5922C62304000819903 /* TrasnlatingApplicationUITests.xctest */ = {isa = PBXFileReference; explicitFileType = wrapper.cfbundle; includeInIndex = 0; path = TrasnlatingApplicationUITests.xctest; sourceTree = BUILT_PRODUCTS_DIR; };
		4BDAA5962C62304000819903 /* TrasnlatingApplicationUITests.swift */ = {isa = PBXFileReference; lastKnownFileType = sourcecode.swift; path = TrasnlatingApplicationUITests.swift; sourceTree = "<group>"; };
		4BDAA5982C62304000819903 /* TrasnlatingApplicationUITestsLaunchTests.swift */ = {isa = PBXFileReference; lastKnownFileType = sourcecode.swift; path = TrasnlatingApplicationUITestsLaunchTests.swift; sourceTree = "<group>"; };
/* End PBXFileReference section */

/* Begin PBXFrameworksBuildPhase section */
		4BDAA56F2C62303B00819903 /* Frameworks */ = {
			isa = PBXFrameworksBuildPhase;
			buildActionMask = 2147483647;
			files = (
			);
			runOnlyForDeploymentPostprocessing = 0;
		};
		4BDAA5852C62304000819903 /* Frameworks */ = {
			isa = PBXFrameworksBuildPhase;
			buildActionMask = 2147483647;
			files = (
			);
			runOnlyForDeploymentPostprocessing = 0;
		};
		4BDAA58F2C62304000819903 /* Frameworks */ = {
			isa = PBXFrameworksBuildPhase;
			buildActionMask = 2147483647;
			files = (
			);
			runOnlyForDeploymentPostprocessing = 0;
		};
/* End PBXFrameworksBuildPhase section */

/* Begin PBXGroup section */
		4BDAA5692C62303A00819903 = {
			isa = PBXGroup;
			children = (
				4BDAA5742C62303B00819903 /* TrasnlatingApplication */,
				4BDAA58B2C62304000819903 /* TrasnlatingApplicationTests */,
				4BDAA5952C62304000819903 /* TrasnlatingApplicationUITests */,
				4BDAA5732C62303B00819903 /* Products */,
			);
			sourceTree = "<group>";
		};
		4BDAA5732C62303B00819903 /* Products */ = {
			isa = PBXGroup;
			children = (
				4BDAA5722C62303B00819903 /* TrasnlatingApplication.app */,
				4BDAA5882C62304000819903 /* TrasnlatingApplicationTests.xctest */,
				4BDAA5922C62304000819903 /* TrasnlatingApplicationUITests.xctest */,
			);
			name = Products;
			sourceTree = "<group>";
		};
		4BDAA5742C62303B00819903 /* TrasnlatingApplication */ = {
			isa = PBXGroup;
			children = (
				4BDAA5752C62303B00819903 /* AppDelegate.swift */,
				4BDAA5772C62303B00819903 /* SceneDelegate.swift */,
				4BDAA5792C62303B00819903 /* ViewController.swift */,
				4BDAA57B2C62303B00819903 /* Main.storyboard */,
				4BDAA57E2C62303F00819903 /* Assets.xcassets */,
				4BDAA5802C62303F00819903 /* LaunchScreen.storyboard */,
				4BDAA5832C62303F00819903 /* Info.plist */,
			);
			path = TrasnlatingApplication;
			sourceTree = "<group>";
		};
		4BDAA58B2C62304000819903 /* TrasnlatingApplicationTests */ = {
			isa = PBXGroup;
			children = (
				4BDAA58C2C62304000819903 /* TrasnlatingApplicationTests.swift */,
			);
			path = TrasnlatingApplicationTests;
			sourceTree = "<group>";
		};
		4BDAA5952C62304000819903 /* TrasnlatingApplicationUITests */ = {
			isa = PBXGroup;
			children = (
				4BDAA5962C62304000819903 /* TrasnlatingApplicationUITests.swift */,
				4BDAA5982C62304000819903 /* TrasnlatingApplicationUITestsLaunchTests.swift */,
			);
			path = TrasnlatingApplicationUITests;
			sourceTree = "<group>";
		};
/* End PBXGroup section */

/* Begin PBXNativeTarget section */
		4BDAA5712C62303B00819903 /* TrasnlatingApplication */ = {
			isa = PBXNativeTarget;
			buildConfigurationList = 4BDAA59C2C62304000819903 /* Build configuration list for PBXNativeTarget "TrasnlatingApplication" */;
			buildPhases = (
				4BDAA56E2C62303B00819903 /* Sources */,
				4BDAA56F2C62303B00819903 /* Frameworks */,
				4BDAA5702C62303B00819903 /* Resources */,
			);
			buildRules = (
			);
			dependencies = (
			);
			name = TrasnlatingApplication;
			productName = TrasnlatingApplication;
			productReference = 4BDAA5722C62303B00819903 /* TrasnlatingApplication.app */;
			productType = "com.apple.product-type.application";
		};
		4BDAA5872C62304000819903 /* TrasnlatingApplicationTests */ = {
			isa = PBXNativeTarget;
			buildConfigurationList = 4BDAA59F2C62304000819903 /* Build configuration list for PBXNativeTarget "TrasnlatingApplicationTests" */;
			buildPhases = (
				4BDAA5842C62304000819903 /* Sources */,
				4BDAA5852C62304000819903 /* Frameworks */,
				4BDAA5862C62304000819903 /* Resources */,
			);
			buildRules = (
			);
			dependencies = (
				4BDAA58A2C62304000819903 /* PBXTargetDependency */,
			);
			name = TrasnlatingApplicationTests;
			productName = TrasnlatingApplicationTests;
			productReference = 4BDAA5882C62304000819903 /* TrasnlatingApplicationTests.xctest */;
			productType = "com.apple.product-type.bundle.unit-test";
		};
		4BDAA5912C62304000819903 /* TrasnlatingApplicationUITests */ = {
			isa = PBXNativeTarget;
			buildConfigurationList = 4BDAA5A22C62304000819903 /* Build configuration list for PBXNativeTarget "TrasnlatingApplicationUITests" */;
			buildPhases = (
				4BDAA58E2C62304000819903 /* Sources */,
				4BDAA58F2C62304000819903 /* Frameworks */,
				4BDAA5902C62304000819903 /* Resources */,
			);
			buildRules = (
			);
			dependencies = (
				4BDAA5942C62304000819903 /* PBXTargetDependency */,
			);
			name = TrasnlatingApplicationUITests;
			productName = TrasnlatingApplicationUITests;
			productReference = 4BDAA5922C62304000819903 /* TrasnlatingApplicationUITests.xctest */;
			productType = "com.apple.product-type.bundle.ui-testing";
		};
/* End PBXNativeTarget section */

/* Begin PBXProject section */
		4BDAA56A2C62303A00819903 /* Project object */ = {
			isa = PBXProject;
			attributes = {
				BuildIndependentTargetsInParallel = 1;
				LastSwiftUpdateCheck = 1540;
				LastUpgradeCheck = 1540;
				TargetAttributes = {
					4BDAA5712C62303B00819903 = {
						CreatedOnToolsVersion = 15.4;
					};
					4BDAA5872C62304000819903 = {
						CreatedOnToolsVersion = 15.4;
						TestTargetID = 4BDAA5712C62303B00819903;
					};
					4BDAA5912C62304000819903 = {
						CreatedOnToolsVersion = 15.4;
						TestTargetID = 4BDAA5712C62303B00819903;
					};
				};
			};
			buildConfigurationList = 4BDAA56D2C62303B00819903 /* Build configuration list for PBXProject "TrasnlatingApplication" */;
			compatibilityVersion = "Xcode 14.0";
			developmentRegion = en;
			hasScannedForEncodings = 0;
			knownRegions = (
				en,
				Base,
			);
			mainGroup = 4BDAA5692C62303A00819903;
			productRefGroup = 4BDAA5732C62303B00819903 /* Products */;
			projectDirPath = "";
			projectRoot = "";
			targets = (
				4BDAA5712C62303B00819903 /* TrasnlatingApplication */,
				4BDAA5872C62304000819903 /* TrasnlatingApplicationTests */,
				4BDAA5912C62304000819903 /* TrasnlatingApplicationUITests */,
			);
		};
/* End PBXProject section */

/* Begin PBXResourcesBuildPhase section */
		4BDAA5702C62303B00819903 /* Resources */ = {
			isa = PBXResourcesBuildPhase;
			buildActionMask = 2147483647;
			files = (
				4BDAA57F2C62303F00819903 /* Assets.xcassets in Resources */,
				4BDAA5822C62303F00819903 /* Base in Resources */,
				4BDAA57D2C62303B00819903 /* Base in Resources */,
			);
			runOnlyForDeploymentPostprocessing = 0;
		};
		4BDAA5862C62304000819903 /* Resources */ = {
			isa = PBXResourcesBuildPhase;
			buildActionMask = 2147483647;
			files = (
			);
			runOnlyForDeploymentPostprocessing = 0;
		};
		4BDAA5902C62304000819903 /* Resources */ = {
			isa = PBXResourcesBuildPhase;
			buildActionMask = 2147483647;
			files = (
			);
			runOnlyForDeploymentPostprocessing = 0;
		};
/* End PBXResourcesBuildPhase section */

/* Begin PBXSourcesBuildPhase section */
		4BDAA56E2C62303B00819903 /* Sources */ = {
			isa = PBXSourcesBuildPhase;
			buildActionMask = 2147483647;
			files = (
				4BDAA57A2C62303B00819903 /* ViewController.swift in Sources */,
				4BDAA5762C62303B00819903 /* AppDelegate.swift in Sources */,
				4BDAA5782C62303B00819903 /* SceneDelegate.swift in Sources */,
			);
			runOnlyForDeploymentPostprocessing = 0;
		};
		4BDAA5842C62304000819903 /* Sources */ = {
			isa = PBXSourcesBuildPhase;
			buildActionMask = 2147483647;
			files = (
				4BDAA58D2C62304000819903 /* TrasnlatingApplicationTests.swift in Sources */,
			);
			runOnlyForDeploymentPostprocessing = 0;
		};
		4BDAA58E2C62304000819903 /* Sources */ = {
			isa = PBXSourcesBuildPhase;
			buildActionMask = 2147483647;
			files = (
				4BDAA5972C62304000819903 /* TrasnlatingApplicationUITests.swift in Sources */,
				4BDAA5992C62304000819903 /* TrasnlatingApplicationUITestsLaunchTests.swift in Sources */,
			);
			runOnlyForDeploymentPostprocessing = 0;
		};
/* End PBXSourcesBuildPhase section */

/* Begin PBXTargetDependency section */
		4BDAA58A2C62304000819903 /* PBXTargetDependency */ = {
			isa = PBXTargetDependency;
			target = 4BDAA5712C62303B00819903 /* TrasnlatingApplication */;
			targetProxy = 4BDAA5892C62304000819903 /* PBXContainerItemProxy */;
		};
		4BDAA5942C62304000819903 /* PBXTargetDependency */ = {
			isa = PBXTargetDependency;
			target = 4BDAA5712C62303B00819903 /* TrasnlatingApplication */;
			targetProxy = 4BDAA5932C62304000819903 /* PBXContainerItemProxy */;
		};
/* End PBXTargetDependency section */

/* Begin PBXVariantGroup section */
		4BDAA57B2C62303B00819903 /* Main.storyboard */ = {
			isa = PBXVariantGroup;
			children = (
				4BDAA57C2C62303B00819903 /* Base */,
			);
			name = Main.storyboard;
			sourceTree = "<group>";
		};
		4BDAA5802C62303F00819903 /* LaunchScreen.storyboard */ = {
			isa = PBXVariantGroup;
			children = (
				4BDAA5812C62303F00819903 /* Base */,
			);
			name = LaunchScreen.storyboard;
			sourceTree = "<group>";
		};
/* End PBXVariantGroup section */

/* Begin XCBuildConfiguration section */
		4BDAA59A2C62304000819903 /* Debug */ = {
			isa = XCBuildConfiguration;
			buildSettings = {
				ALWAYS_SEARCH_USER_PATHS = NO;
				ASSETCATALOG_COMPILER_GENERATE_SWIFT_ASSET_SYMBOL_EXTENSIONS = YES;
				CLANG_ANALYZER_NONNULL = YES;
				CLANG_ANALYZER_NUMBER_OBJECT_CONVERSION = YES_AGGRESSIVE;
				CLANG_CXX_LANGUAGE_STANDARD = "gnu++20";
				CLANG_ENABLE_MODULES = YES;
				CLANG_ENABLE_OBJC_ARC = YES;
				CLANG_ENABLE_OBJC_WEAK = YES;
				CLANG_WARN_BLOCK_CAPTURE_AUTORELEASING = YES;
				CLANG_WARN_BOOL_CONVERSION = YES;
				CLANG_WARN_COMMA = YES;
				CLANG_WARN_CONSTANT_CONVERSION = YES;
				CLANG_WARN_DEPRECATED_OBJC_IMPLEMENTATIONS = YES;
				CLANG_WARN_DIRECT_OBJC_ISA_USAGE = YES_ERROR;
				CLANG_WARN_DOCUMENTATION_COMMENTS = YES;
				CLANG_WARN_EMPTY_BODY = YES;
				CLANG_WARN_ENUM_CONVERSION = YES;
				CLANG_WARN_INFINITE_RECURSION = YES;
				CLANG_WARN_INT_CONVERSION = YES;
				CLANG_WARN_NON_LITERAL_NULL_CONVERSION = YES;
				CLANG_WARN_OBJC_IMPLICIT_RETAIN_SELF = YES;
				CLANG_WARN_OBJC_LITERAL_CONVERSION = YES;
				CLANG_WARN_OBJC_ROOT_CLASS = YES_ERROR;
				CLANG_WARN_QUOTED_INCLUDE_IN_FRAMEWORK_HEADER = YES;
				CLANG_WARN_RANGE_LOOP_ANALYSIS = YES;
				CLANG_WARN_STRICT_PROTOTYPES = YES;
				CLANG_WARN_SUSPICIOUS_MOVE = YES;
				CLANG_WARN_UNGUARDED_AVAILABILITY = YES_AGGRESSIVE;
				CLANG_WARN_UNREACHABLE_CODE = YES;
				CLANG_WARN__DUPLICATE_METHOD_MATCH = YES;
				COPY_PHASE_STRIP = NO;
				DEBUG_INFORMATION_FORMAT = dwarf;
				ENABLE_STRICT_OBJC_MSGSEND = YES;
				ENABLE_TESTABILITY = YES;
				ENABLE_USER_SCRIPT_SANDBOXING = YES;
				GCC_C_LANGUAGE_STANDARD = gnu17;
				GCC_DYNAMIC_NO_PIC = NO;
				GCC_NO_COMMON_BLOCKS = YES;
				GCC_OPTIMIZATION_LEVEL = 0;
				GCC_PREPROCESSOR_DEFINITIONS = (
					"DEBUG=1",
					"$(inherited)",
				);
				GCC_WARN_64_TO_32_BIT_CONVERSION = YES;
				GCC_WARN_ABOUT_RETURN_TYPE = YES_ERROR;
				GCC_WARN_UNDECLARED_SELECTOR = YES;
				GCC_WARN_UNINITIALIZED_AUTOS = YES_AGGRESSIVE;
				GCC_WARN_UNUSED_FUNCTION = YES;
				GCC_WARN_UNUSED_VARIABLE = YES;
				IPHONEOS_DEPLOYMENT_TARGET = 17.5;
				LOCALIZATION_PREFERS_STRING_CATALOGS = YES;
				MTL_ENABLE_DEBUG_INFO = INCLUDE_SOURCE;
				MTL_FAST_MATH = YES;
				ONLY_ACTIVE_ARCH = YES;
				SDKROOT = iphoneos;
				SWIFT_ACTIVE_COMPILATION_CONDITIONS = "DEBUG $(inherited)";
				SWIFT_OPTIMIZATION_LEVEL = "-Onone";
			};
			name = Debug;
		};
		4BDAA59B2C62304000819903 /* Release */ = {
			isa = XCBuildConfiguration;
			buildSettings = {
				ALWAYS_SEARCH_USER_PATHS = NO;
				ASSETCATALOG_COMPILER_GENERATE_SWIFT_ASSET_SYMBOL_EXTENSIONS = YES;
				CLANG_ANALYZER_NONNULL = YES;
				CLANG_ANALYZER_NUMBER_OBJECT_CONVERSION = YES_AGGRESSIVE;
				CLANG_CXX_LANGUAGE_STANDARD = "gnu++20";
				CLANG_ENABLE_MODULES = YES;
				CLANG_ENABLE_OBJC_ARC = YES;
				CLANG_ENABLE_OBJC_WEAK = YES;
				CLANG_WARN_BLOCK_CAPTURE_AUTORELEASING = YES;
				CLANG_WARN_BOOL_CONVERSION = YES;
				CLANG_WARN_COMMA = YES;
				CLANG_WARN_CONSTANT_CONVERSION = YES;
				CLANG_WARN_DEPRECATED_OBJC_IMPLEMENTATIONS = YES;
				CLANG_WARN_DIRECT_OBJC_ISA_USAGE = YES_ERROR;
				CLANG_WARN_DOCUMENTATION_COMMENTS = YES;
				CLANG_WARN_EMPTY_BODY = YES;
				CLANG_WARN_ENUM_CONVERSION = YES;
				CLANG_WARN_INFINITE_RECURSION = YES;
				CLANG_WARN_INT_CONVERSION = YES;
				CLANG_WARN_NON_LITERAL_NULL_CONVERSION = YES;
				CLANG_WARN_OBJC_IMPLICIT_RETAIN_SELF = YES;
				CLANG_WARN_OBJC_LITERAL_CONVERSION = YES;
				CLANG_WARN_OBJC_ROOT_CLASS = YES_ERROR;
				CLANG_WARN_QUOTED_INCLUDE_IN_FRAMEWORK_HEADER = YES;
				CLANG_WARN_RANGE_LOOP_ANALYSIS = YES;
				CLANG_WARN_STRICT_PROTOTYPES = YES;
				CLANG_WARN_SUSPICIOUS_MOVE = YES;
				CLANG_WARN_UNGUARDED_AVAILABILITY = YES_AGGRESSIVE;
				CLANG_WARN_UNREACHABLE_CODE = YES;
				CLANG_WARN__DUPLICATE_METHOD_MATCH = YES;
				COPY_PHASE_STRIP = NO;
				DEBUG_INFORMATION_FORMAT = "dwarf-with-dsym";
				ENABLE_NS_ASSERTIONS = NO;
				ENABLE_STRICT_OBJC_MSGSEND = YES;
				ENABLE_USER_SCRIPT_SANDBOXING = YES;
				GCC_C_LANGUAGE_STANDARD = gnu17;
				GCC_NO_COMMON_BLOCKS = YES;
				GCC_WARN_64_TO_32_BIT_CONVERSION = YES;
				GCC_WARN_ABOUT_RETURN_TYPE = YES_ERROR;
				GCC_WARN_UNDECLARED_SELECTOR = YES;
				GCC_WARN_UNINITIALIZED_AUTOS = YES_AGGRESSIVE;
				GCC_WARN_UNUSED_FUNCTION = YES;
				GCC_WARN_UNUSED_VARIABLE = YES;
				IPHONEOS_DEPLOYMENT_TARGET = 17.5;
				LOCALIZATION_PREFERS_STRING_CATALOGS = YES;
				MTL_ENABLE_DEBUG_INFO = NO;
				MTL_FAST_MATH = YES;
				SDKROOT = iphoneos;
				SWIFT_COMPILATION_MODE = wholemodule;
				VALIDATE_PRODUCT = YES;
			};
			name = Release;
		};
		4BDAA59D2C62304000819903 /* Debug */ = {
			isa = XCBuildConfiguration;
			buildSettings = {
				ASSETCATALOG_COMPILER_APPICON_NAME = AppIcon;
				ASSETCATALOG_COMPILER_GLOBAL_ACCENT_COLOR_NAME = AccentColor;
				CODE_SIGN_STYLE = Automatic;
				CURRENT_PROJECT_VERSION = 1;
				GENERATE_INFOPLIST_FILE = YES;
				INFOPLIST_FILE = TrasnlatingApplication/Info.plist;
				INFOPLIST_KEY_UIApplicationSupportsIndirectInputEvents = YES;
				INFOPLIST_KEY_UILaunchStoryboardName = LaunchScreen;
				INFOPLIST_KEY_UIMainStoryboardFile = Main;
				INFOPLIST_KEY_UISupportedInterfaceOrientations_iPad = "UIInterfaceOrientationPortrait UIInterfaceOrientationPortraitUpsideDown UIInterfaceOrientationLandscapeLeft UIInterfaceOrientationLandscapeRight";
				INFOPLIST_KEY_UISupportedInterfaceOrientations_iPhone = "UIInterfaceOrientationPortrait UIInterfaceOrientationLandscapeLeft UIInterfaceOrientationLandscapeRight";
				LD_RUNPATH_SEARCH_PATHS = (
					"$(inherited)",
					"@executable_path/Frameworks",
				);
				MARKETING_VERSION = 1.0;
				PRODUCT_BUNDLE_IDENTIFIER = com.TrasnlatingApplication;
				PRODUCT_NAME = "$(TARGET_NAME)";
				SWIFT_EMIT_LOC_STRINGS = YES;
				SWIFT_VERSION = 5.0;
				TARGETED_DEVICE_FAMILY = "1,2";
			};
			name = Debug;
		};
		4BDAA59E2C62304000819903 /* Release */ = {
			isa = XCBuildConfiguration;
			buildSettings = {
				ASSETCATALOG_COMPILER_APPICON_NAME = AppIcon;
				ASSETCATALOG_COMPILER_GLOBAL_ACCENT_COLOR_NAME = AccentColor;
				CODE_SIGN_STYLE = Automatic;
				CURRENT_PROJECT_VERSION = 1;
				GENERATE_INFOPLIST_FILE = YES;
				INFOPLIST_FILE = TrasnlatingApplication/Info.plist;
				INFOPLIST_KEY_UIApplicationSupportsIndirectInputEvents = YES;
				INFOPLIST_KEY_UILaunchStoryboardName = LaunchScreen;
				INFOPLIST_KEY_UIMainStoryboardFile = Main;
				INFOPLIST_KEY_UISupportedInterfaceOrientations_iPad = "UIInterfaceOrientationPortrait UIInterfaceOrientationPortraitUpsideDown UIInterfaceOrientationLandscapeLeft UIInterfaceOrientationLandscapeRight";
				INFOPLIST_KEY_UISupportedInterfaceOrientations_iPhone = "UIInterfaceOrientationPortrait UIInterfaceOrientationLandscapeLeft UIInterfaceOrientationLandscapeRight";
				LD_RUNPATH_SEARCH_PATHS = (
					"$(inherited)",
					"@executable_path/Frameworks",
				);
				MARKETING_VERSION = 1.0;
				PRODUCT_BUNDLE_IDENTIFIER = com.TrasnlatingApplication;
				PRODUCT_NAME = "$(TARGET_NAME)";
				SWIFT_EMIT_LOC_STRINGS = YES;
				SWIFT_VERSION = 5.0;
				TARGETED_DEVICE_FAMILY = "1,2";
			};
			name = Release;
		};
		4BDAA5A02C62304000819903 /* Debug */ = {
			isa = XCBuildConfiguration;
			buildSettings = {
				ALWAYS_EMBED_SWIFT_STANDARD_LIBRARIES = YES;
				BUNDLE_LOADER = "$(TEST_HOST)";
				CODE_SIGN_STYLE = Automatic;
				CURRENT_PROJECT_VERSION = 1;
				GENERATE_INFOPLIST_FILE = YES;
				IPHONEOS_DEPLOYMENT_TARGET = 17.5;
				MARKETING_VERSION = 1.0;
				PRODUCT_BUNDLE_IDENTIFIER = com.TrasnlatingApplicationTests;
				PRODUCT_NAME = "$(TARGET_NAME)";
				SWIFT_EMIT_LOC_STRINGS = NO;
				SWIFT_VERSION = 5.0;
				TARGETED_DEVICE_FAMILY = "1,2";
				TEST_HOST = "$(BUILT_PRODUCTS_DIR)/TrasnlatingApplication.app/$(BUNDLE_EXECUTABLE_FOLDER_PATH)/TrasnlatingApplication";
			};
			name = Debug;
		};
		4BDAA5A12C62304000819903 /* Release */ = {
			isa = XCBuildConfiguration;
			buildSettings = {
				ALWAYS_EMBED_SWIFT_STANDARD_LIBRARIES = YES;
				BUNDLE_LOADER = "$(TEST_HOST)";
				CODE_SIGN_STYLE = Automatic;
				CURRENT_PROJECT_VERSION = 1;
				GENERATE_INFOPLIST_FILE = YES;
				IPHONEOS_DEPLOYMENT_TARGET = 17.5;
				MARKETING_VERSION = 1.0;
				PRODUCT_BUNDLE_IDENTIFIER = com.TrasnlatingApplicationTests;
				PRODUCT_NAME = "$(TARGET_NAME)";
				SWIFT_EMIT_LOC_STRINGS = NO;
				SWIFT_VERSION = 5.0;
				TARGETED_DEVICE_FAMILY = "1,2";
				TEST_HOST = "$(BUILT_PRODUCTS_DIR)/TrasnlatingApplication.app/$(BUNDLE_EXECUTABLE_FOLDER_PATH)/TrasnlatingApplication";
			};
			name = Release;
		};
		4BDAA5A32C62304000819903 /* Debug */ = {
			isa = XCBuildConfiguration;
			buildSettings = {
				ALWAYS_EMBED_SWIFT_STANDARD_LIBRARIES = YES;
				CODE_SIGN_STYLE = Automatic;
				CURRENT_PROJECT_VERSION = 1;
				GENERATE_INFOPLIST_FILE = YES;
				MARKETING_VERSION = 1.0;
				PRODUCT_BUNDLE_IDENTIFIER = com.TrasnlatingApplicationUITests;
				PRODUCT_NAME = "$(TARGET_NAME)";
				SWIFT_EMIT_LOC_STRINGS = NO;
				SWIFT_VERSION = 5.0;
				TARGETED_DEVICE_FAMILY = "1,2";
				TEST_TARGET_NAME = TrasnlatingApplication;
			};
			name = Debug;
		};
		4BDAA5A42C62304000819903 /* Release */ = {
			isa = XCBuildConfiguration;
			buildSettings = {
				ALWAYS_EMBED_SWIFT_STANDARD_LIBRARIES = YES;
				CODE_SIGN_STYLE = Automatic;
				CURRENT_PROJECT_VERSION = 1;
				GENERATE_INFOPLIST_FILE = YES;
				MARKETING_VERSION = 1.0;
				PRODUCT_BUNDLE_IDENTIFIER = com.TrasnlatingApplicationUITests;
				PRODUCT_NAME = "$(TARGET_NAME)";
				SWIFT_EMIT_LOC_STRINGS = NO;
				SWIFT_VERSION = 5.0;
				TARGETED_DEVICE_FAMILY = "1,2";
				TEST_TARGET_NAME = TrasnlatingApplication;
			};
			name = Release;
		};
/* End XCBuildConfiguration section */

/* Begin XCConfigurationList section */
		4BDAA56D2C62303B00819903 /* Build configuration list for PBXProject "TrasnlatingApplication" */ = {
			isa = XCConfigurationList;
			buildConfigurations = (
				4BDAA59A2C62304000819903 /* Debug */,
				4BDAA59B2C62304000819903 /* Release */,
			);
			defaultConfigurationIsVisible = 0;
			defaultConfigurationName = Release;
		};
		4BDAA59C2C62304000819903 /* Build configuration list for PBXNativeTarget "TrasnlatingApplication" */ = {
			isa = XCConfigurationList;
			buildConfigurations = (
				4BDAA59D2C62304000819903 /* Debug */,
				4BDAA59E2C62304000819903 /* Release */,
			);
			defaultConfigurationIsVisible = 0;
			defaultConfigurationName = Release;
		};
		4BDAA59F2C62304000819903 /* Build configuration list for PBXNativeTarget "TrasnlatingApplicationTests" */ = {
			isa = XCConfigurationList;
			buildConfigurations = (
				4BDAA5A02C62304000819903 /* Debug */,
				4BDAA5A12C62304000819903 /* Release */,
			);
			defaultConfigurationIsVisible = 0;
			defaultConfigurationName = Release;
		};
		4BDAA5A22C62304000819903 /* Build configuration list for PBXNativeTarget "TrasnlatingApplicationUITests" */ = {
			isa = XCConfigurationList;
			buildConfigurations = (
				4BDAA5A32C62304000819903 /* Debug */,
				4BDAA5A42C62304000819903 /* Release */,
			);
			defaultConfigurationIsVisible = 0;
			defaultConfigurationName = Release;
		};
/* End XCConfigurationList section */
	};
	rootObject = 4BDAA56A2C62303A00819903 /* Project object */;
}
